{
  "name": "tvidz",
  "lockfileVersion": 3,
  "requires": true,
  "packages": {
    "": {
      "dependencies": {
        "@aws-sdk/s3-request-presigner": "^3.846.0"
      }
    },
    "node_modules/@aws-sdk/core": {
      "version": "3.846.0",
      "resolved": "https://registry.npmjs.org/@aws-sdk/core/-/core-3.846.0.tgz",
      "integrity": "sha512-7CX0pM906r4WSS68fCTNMTtBCSkTtf3Wggssmx13gD40gcWEZXsU00KzPp1bYheNRyPlAq3rE22xt4wLPXbuxA==",
      "license": "Apache-2.0",
      "dependencies": {
        "@aws-sdk/types": "3.840.0",
        "@aws-sdk/xml-builder": "3.821.0",
        "@smithy/core": "^3.7.0",
        "@smithy/node-config-provider": "^4.1.3",
        "@smithy/property-provider": "^4.0.4",
        "@smithy/protocol-http": "^5.1.2",
        "@smithy/signature-v4": "^5.1.2",
        "@smithy/smithy-client": "^4.4.7",
        "@smithy/types": "^4.3.1",
        "@smithy/util-base64": "^4.0.0",
        "@smithy/util-body-length-browser": "^4.0.0",
        "@smithy/util-middleware": "^4.0.4",
        "@smithy/util-utf8": "^4.0.0",
        "fast-xml-parser": "5.2.5",
        "tslib": "^2.6.2"
      },
      "engines": {
        "node": ">=18.0.0"
      }
    },
    "node_modules/@aws-sdk/middleware-sdk-s3": {
      "version": "3.846.0",
      "resolved": "https://registry.npmjs.org/@aws-sdk/middleware-sdk-s3/-/middleware-sdk-s3-3.846.0.tgz",
      "integrity": "sha512-jP9x+2Q87J5l8FOP+jlAd7vGLn0cC6G9QGmf386e5OslBPqxXKcl3RjqGLIOKKos2mVItY3ApP5xdXQx7jGTVA==",
      "license": "Apache-2.0",
      "dependencies": {
        "@aws-sdk/core": "3.846.0",
        "@aws-sdk/types": "3.840.0",
        "@aws-sdk/util-arn-parser": "3.804.0",
        "@smithy/core": "^3.7.0",
        "@smithy/node-config-provider": "^4.1.3",
        "@smithy/protocol-http": "^5.1.2",
        "@smithy/signature-v4": "^5.1.2",
        "@smithy/smithy-client": "^4.4.7",
        "@smithy/types": "^4.3.1",
        "@smithy/util-config-provider": "^4.0.0",
        "@smithy/util-middleware": "^4.0.4",
        "@smithy/util-stream": "^4.2.3",
        "@smithy/util-utf8": "^4.0.0",
        "tslib": "^2.6.2"
      },
      "engines": {
        "node": ">=18.0.0"
      }
    },
    "node_modules/@aws-sdk/s3-request-presigner": {
      "version": "3.846.0",
      "resolved": "https://registry.npmjs.org/@aws-sdk/s3-request-presigner/-/s3-request-presigner-3.846.0.tgz",
      "integrity": "sha512-R2I3bdYSvncieucQiGGfSo3Xu8kV424uyu5tZZQk3zEH7ZNshJlE8YcYAGkN9caqlnYZ4V+CK6+71ufTc8I/XQ==",
      "license": "Apache-2.0",
      "dependencies": {
        "@aws-sdk/signature-v4-multi-region": "3.846.0",
        "@aws-sdk/types": "3.840.0",
        "@aws-sdk/util-format-url": "3.840.0",
        "@smithy/middleware-endpoint": "^4.1.15",
        "@smithy/protocol-http": "^5.1.2",
        "@smithy/smithy-client": "^4.4.7",
        "@smithy/types": "^4.3.1",
        "tslib": "^2.6.2"
      },
      "engines": {
        "node": ">=18.0.0"
      }
    },
    "node_modules/@aws-sdk/signature-v4-multi-region": {
      "version": "3.846.0",
      "resolved": "https://registry.npmjs.org/@aws-sdk/signature-v4-multi-region/-/signature-v4-multi-region-3.846.0.tgz",
      "integrity": "sha512-ZMfIMxUljqZzPJGOcraC6erwq/z1puNMU35cO1a/WdhB+LdYknMn1lr7SJuH754QwNzzIlZbEgg4hoHw50+DpQ==",
      "license": "Apache-2.0",
      "dependencies": {
        "@aws-sdk/middleware-sdk-s3": "3.846.0",
        "@aws-sdk/types": "3.840.0",
        "@smithy/protocol-http": "^5.1.2",
        "@smithy/signature-v4": "^5.1.2",
        "@smithy/types": "^4.3.1",
        "tslib": "^2.6.2"
      },
      "engines": {
        "node": ">=18.0.0"
      }
    },
    "node_modules/@aws-sdk/types": {
      "version": "3.840.0",
      "resolved": "https://registry.npmjs.org/@aws-sdk/types/-/types-3.840.0.tgz",
      "integrity": "sha512-xliuHaUFZxEx1NSXeLLZ9Dyu6+EJVQKEoD+yM+zqUo3YDZ7medKJWY6fIOKiPX/N7XbLdBYwajb15Q7IL8KkeA==",
      "license": "Apache-2.0",
      "dependencies": {
        "@smithy/types": "^4.3.1",
        "tslib": "^2.6.2"
      },
      "engines": {
        "node": ">=18.0.0"
      }
    },
    "node_modules/@aws-sdk/util-arn-parser": {
      "version": "3.804.0",
      "resolved": "https://registry.npmjs.org/@aws-sdk/util-arn-parser/-/util-arn-parser-3.804.0.tgz",
      "integrity": "sha512-wmBJqn1DRXnZu3b4EkE6CWnoWMo1ZMvlfkqU5zPz67xx1GMaXlDCchFvKAXMjk4jn/L1O3tKnoFDNsoLV1kgNQ==",
      "license": "Apache-2.0",
      "dependencies": {
        "tslib": "^2.6.2"
      },
      "engines": {
        "node": ">=18.0.0"
      }
    },
    "node_modules/@aws-sdk/util-format-url": {
      "version": "3.840.0",
      "resolved": "https://registry.npmjs.org/@aws-sdk/util-format-url/-/util-format-url-3.840.0.tgz",
      "integrity": "sha512-VB1PWyI1TQPiPvg4w7tgUGGQER1xxXPNUqfh3baxUSFi1Oh8wHrDnFywkxLm3NMmgDmnLnSZ5Q326qAoyqKLSg==",
      "license": "Apache-2.0",
      "dependencies": {
        "@aws-sdk/types": "3.840.0",
        "@smithy/querystring-builder": "^4.0.4",
        "@smithy/types": "^4.3.1",
        "tslib": "^2.6.2"
      },
      "engines": {
        "node": ">=18.0.0"
      }
    },
    "node_modules/@aws-sdk/xml-builder": {
      "version": "3.821.0",
      "resolved": "https://registry.npmjs.org/@aws-sdk/xml-builder/-/xml-builder-3.821.0.tgz",
      "integrity": "sha512-DIIotRnefVL6DiaHtO6/21DhJ4JZnnIwdNbpwiAhdt/AVbttcE4yw925gsjur0OGv5BTYXQXU3YnANBYnZjuQA==",
      "license": "Apache-2.0",
      "dependencies": {
        "@smithy/types": "^4.3.1",
        "tslib": "^2.6.2"
      },
      "engines": {
        "node": ">=18.0.0"
      }
    },
    "node_modules/@smithy/abort-controller": {
      "version": "4.0.4",
      "resolved": "https://registry.npmjs.org/@smithy/abort-controller/-/abort-controller-4.0.4.tgz",
      "integrity": "sha512-gJnEjZMvigPDQWHrW3oPrFhQtkrgqBkyjj3pCIdF3A5M6vsZODG93KNlfJprv6bp4245bdT32fsHK4kkH3KYDA==",
      "license": "Apache-2.0",
      "dependencies": {
        "@smithy/types": "^4.3.1",
        "tslib": "^2.6.2"
      },
      "engines": {
        "node": ">=18.0.0"
      }
    },
    "node_modules/@smithy/core": {
      "version": "3.7.0",
      "resolved": "https://registry.npmjs.org/@smithy/core/-/core-3.7.0.tgz",
      "integrity": "sha512-7ov8hu/4j0uPZv8b27oeOFtIBtlFmM3ibrPv/Omx1uUdoXvcpJ00U+H/OWWC/keAguLlcqwtyL2/jTlSnApgNQ==",
      "license": "Apache-2.0",
      "dependencies": {
        "@smithy/middleware-serde": "^4.0.8",
        "@smithy/protocol-http": "^5.1.2",
        "@smithy/types": "^4.3.1",
        "@smithy/util-base64": "^4.0.0",
        "@smithy/util-body-length-browser": "^4.0.0",
        "@smithy/util-middleware": "^4.0.4",
        "@smithy/util-stream": "^4.2.3",
        "@smithy/util-utf8": "^4.0.0",
        "tslib": "^2.6.2"
      },
      "engines": {
        "node": ">=18.0.0"
      }
    },
    "node_modules/@smithy/fetch-http-handler": {
      "version": "5.1.0",
      "resolved": "https://registry.npmjs.org/@smithy/fetch-http-handler/-/fetch-http-handler-5.1.0.tgz",
      "integrity": "sha512-mADw7MS0bYe2OGKkHYMaqarOXuDwRbO6ArD91XhHcl2ynjGCFF+hvqf0LyQcYxkA1zaWjefSkU7Ne9mqgApSgQ==",
      "license": "Apache-2.0",
      "dependencies": {
        "@smithy/protocol-http": "^5.1.2",
        "@smithy/querystring-builder": "^4.0.4",
        "@smithy/types": "^4.3.1",
        "@smithy/util-base64": "^4.0.0",
        "tslib": "^2.6.2"
      },
      "engines": {
        "node": ">=18.0.0"
      }
    },
    "node_modules/@smithy/is-array-buffer": {
      "version": "4.0.0",
      "resolved": "https://registry.npmjs.org/@smithy/is-array-buffer/-/is-array-buffer-4.0.0.tgz",
      "integrity": "sha512-saYhF8ZZNoJDTvJBEWgeBccCg+yvp1CX+ed12yORU3NilJScfc6gfch2oVb4QgxZrGUx3/ZJlb+c/dJbyupxlw==",
      "license": "Apache-2.0",
      "dependencies": {
        "tslib": "^2.6.2"
      },
      "engines": {
        "node": ">=18.0.0"
      }
    },
    "node_modules/@smithy/middleware-endpoint": {
      "version": "4.1.15",
      "resolved": "https://registry.npmjs.org/@smithy/middleware-endpoint/-/middleware-endpoint-4.1.15.tgz",
      "integrity": "sha512-L2M0oz+r6Wv0KZ90MgClXmWkV7G72519Hd5/+K5i3gQMu4WNQykh7ERr58WT3q60dd9NqHSMc3/bAK0FsFg3Fw==",
      "license": "Apache-2.0",
      "dependencies": {
        "@smithy/core": "^3.7.0",
        "@smithy/middleware-serde": "^4.0.8",
        "@smithy/node-config-provider": "^4.1.3",
        "@smithy/shared-ini-file-loader": "^4.0.4",
        "@smithy/types": "^4.3.1",
        "@smithy/url-parser": "^4.0.4",
        "@smithy/util-middleware": "^4.0.4",
        "tslib": "^2.6.2"
      },
      "engines": {
        "node": ">=18.0.0"
      }
    },
    "node_modules/@smithy/middleware-serde": {
      "version": "4.0.8",
      "resolved": "https://registry.npmjs.org/@smithy/middleware-serde/-/middleware-serde-4.0.8.tgz",
      "integrity": "sha512-iSSl7HJoJaGyMIoNn2B7czghOVwJ9nD7TMvLhMWeSB5vt0TnEYyRRqPJu/TqW76WScaNvYYB8nRoiBHR9S1Ddw==",
      "license": "Apache-2.0",
      "dependencies": {
        "@smithy/protocol-http": "^5.1.2",
        "@smithy/types": "^4.3.1",
        "tslib": "^2.6.2"
      },
      "engines": {
        "node": ">=18.0.0"
      }
    },
    "node_modules/@smithy/middleware-stack": {
      "version": "4.0.4",
      "resolved": "https://registry.npmjs.org/@smithy/middleware-stack/-/middleware-stack-4.0.4.tgz",
      "integrity": "sha512-kagK5ggDrBUCCzI93ft6DjteNSfY8Ulr83UtySog/h09lTIOAJ/xUSObutanlPT0nhoHAkpmW9V5K8oPyLh+QA==",
      "license": "Apache-2.0",
      "dependencies": {
        "@smithy/types": "^4.3.1",
        "tslib": "^2.6.2"
      },
      "engines": {
        "node": ">=18.0.0"
      }
    },
    "node_modules/@smithy/node-config-provider": {
      "version": "4.1.3",
      "resolved": "https://registry.npmjs.org/@smithy/node-config-provider/-/node-config-provider-4.1.3.tgz",
      "integrity": "sha512-HGHQr2s59qaU1lrVH6MbLlmOBxadtzTsoO4c+bF5asdgVik3I8o7JIOzoeqWc5MjVa+vD36/LWE0iXKpNqooRw==",
      "license": "Apache-2.0",
      "dependencies": {
        "@smithy/property-provider": "^4.0.4",
        "@smithy/shared-ini-file-loader": "^4.0.4",
        "@smithy/types": "^4.3.1",
        "tslib": "^2.6.2"
      },
      "engines": {
        "node": ">=18.0.0"
      }
    },
    "node_modules/@smithy/node-http-handler": {
      "version": "4.1.0",
      "resolved": "https://registry.npmjs.org/@smithy/node-http-handler/-/node-http-handler-4.1.0.tgz",
      "integrity": "sha512-vqfSiHz2v8b3TTTrdXi03vNz1KLYYS3bhHCDv36FYDqxT7jvTll1mMnCrkD+gOvgwybuunh/2VmvOMqwBegxEg==",
      "license": "Apache-2.0",
      "dependencies": {
        "@smithy/abort-controller": "^4.0.4",
        "@smithy/protocol-http": "^5.1.2",
        "@smithy/querystring-builder": "^4.0.4",
        "@smithy/types": "^4.3.1",
        "tslib": "^2.6.2"
      },
      "engines": {
        "node": ">=18.0.0"
      }
    },
    "node_modules/@smithy/property-provider": {
      "version": "4.0.4",
      "resolved": "https://registry.npmjs.org/@smithy/property-provider/-/property-provider-4.0.4.tgz",
      "integrity": "sha512-qHJ2sSgu4FqF4U/5UUp4DhXNmdTrgmoAai6oQiM+c5RZ/sbDwJ12qxB1M6FnP+Tn/ggkPZf9ccn4jqKSINaquw==",
      "license": "Apache-2.0",
      "dependencies": {
        "@smithy/types": "^4.3.1",
        "tslib": "^2.6.2"
      },
      "engines": {
        "node": ">=18.0.0"
      }
    },
    "node_modules/@smithy/protocol-http": {
      "version": "5.1.2",
      "resolved": "https://registry.npmjs.org/@smithy/protocol-http/-/protocol-http-5.1.2.tgz",
      "integrity": "sha512-rOG5cNLBXovxIrICSBm95dLqzfvxjEmuZx4KK3hWwPFHGdW3lxY0fZNXfv2zebfRO7sJZ5pKJYHScsqopeIWtQ==",
      "license": "Apache-2.0",
      "dependencies": {
        "@smithy/types": "^4.3.1",
        "tslib": "^2.6.2"
      },
      "engines": {
        "node": ">=18.0.0"
      }
    },
    "node_modules/@smithy/querystring-builder": {
      "version": "4.0.4",
      "resolved": "https://registry.npmjs.org/@smithy/querystring-builder/-/querystring-builder-4.0.4.tgz",
      "integrity": "sha512-SwREZcDnEYoh9tLNgMbpop+UTGq44Hl9tdj3rf+yeLcfH7+J8OXEBaMc2kDxtyRHu8BhSg9ADEx0gFHvpJgU8w==",
      "license": "Apache-2.0",
      "dependencies": {
        "@smithy/types": "^4.3.1",
        "@smithy/util-uri-escape": "^4.0.0",
        "tslib": "^2.6.2"
      },
      "engines": {
        "node": ">=18.0.0"
      }
    },
    "node_modules/@smithy/querystring-parser": {
      "version": "4.0.4",
      "resolved": "https://registry.npmjs.org/@smithy/querystring-parser/-/querystring-parser-4.0.4.tgz",
      "integrity": "sha512-6yZf53i/qB8gRHH/l2ZwUG5xgkPgQF15/KxH0DdXMDHjesA9MeZje/853ifkSY0x4m5S+dfDZ+c4x439PF0M2w==",
      "license": "Apache-2.0",
      "dependencies": {
        "@smithy/types": "^4.3.1",
        "tslib": "^2.6.2"
      },
      "engines": {
        "node": ">=18.0.0"
      }
    },
    "node_modules/@smithy/shared-ini-file-loader": {
      "version": "4.0.4",
      "resolved": "https://registry.npmjs.org/@smithy/shared-ini-file-loader/-/shared-ini-file-loader-4.0.4.tgz",
      "integrity": "sha512-63X0260LoFBjrHifPDs+nM9tV0VMkOTl4JRMYNuKh/f5PauSjowTfvF3LogfkWdcPoxsA9UjqEOgjeYIbhb7Nw==",
      "license": "Apache-2.0",
      "dependencies": {
        "@smithy/types": "^4.3.1",
        "tslib": "^2.6.2"
      },
      "engines": {
        "node": ">=18.0.0"
      }
    },
    "node_modules/@smithy/signature-v4": {
      "version": "5.1.2",
      "resolved": "https://registry.npmjs.org/@smithy/signature-v4/-/signature-v4-5.1.2.tgz",
      "integrity": "sha512-d3+U/VpX7a60seHziWnVZOHuEgJlclufjkS6zhXvxcJgkJq4UWdH5eOBLzHRMx6gXjsdT9h6lfpmLzbrdupHgQ==",
      "license": "Apache-2.0",
      "dependencies": {
        "@smithy/is-array-buffer": "^4.0.0",
        "@smithy/protocol-http": "^5.1.2",
        "@smithy/types": "^4.3.1",
        "@smithy/util-hex-encoding": "^4.0.0",
        "@smithy/util-middleware": "^4.0.4",
        "@smithy/util-uri-escape": "^4.0.0",
        "@smithy/util-utf8": "^4.0.0",
        "tslib": "^2.6.2"
      },
      "engines": {
        "node": ">=18.0.0"
      }
    },
    "node_modules/@smithy/smithy-client": {
      "version": "4.4.7",
      "resolved": "https://registry.npmjs.org/@smithy/smithy-client/-/smithy-client-4.4.7.tgz",
      "integrity": "sha512-x+MxBNOcG7rY9i5QsbdgvvRJngKKvUJrbU5R5bT66PTH3e6htSupJ4Q+kJ3E7t6q854jyl57acjpPi6qG1OY5g==",
      "license": "Apache-2.0",
      "dependencies": {
        "@smithy/core": "^3.7.0",
        "@smithy/middleware-endpoint": "^4.1.15",
        "@smithy/middleware-stack": "^4.0.4",
        "@smithy/protocol-http": "^5.1.2",
        "@smithy/types": "^4.3.1",
        "@smithy/util-stream": "^4.2.3",
        "tslib": "^2.6.2"
      },
      "engines": {
        "node": ">=18.0.0"
      }
    },
    "node_modules/@smithy/types": {
      "version": "4.3.1",
      "resolved": "https://registry.npmjs.org/@smithy/types/-/types-4.3.1.tgz",
      "integrity": "sha512-UqKOQBL2x6+HWl3P+3QqFD4ncKq0I8Nuz9QItGv5WuKuMHuuwlhvqcZCoXGfc+P1QmfJE7VieykoYYmrOoFJxA==",
      "license": "Apache-2.0",
      "dependencies": {
        "tslib": "^2.6.2"
      },
      "engines": {
        "node": ">=18.0.0"
      }
    },
    "node_modules/@smithy/url-parser": {
      "version": "4.0.4",
      "resolved": "https://registry.npmjs.org/@smithy/url-parser/-/url-parser-4.0.4.tgz",
      "integrity": "sha512-eMkc144MuN7B0TDA4U2fKs+BqczVbk3W+qIvcoCY6D1JY3hnAdCuhCZODC+GAeaxj0p6Jroz4+XMUn3PCxQQeQ==",
      "license": "Apache-2.0",
      "dependencies": {
        "@smithy/querystring-parser": "^4.0.4",
        "@smithy/types": "^4.3.1",
        "tslib": "^2.6.2"
      },
      "engines": {
        "node": ">=18.0.0"
      }
    },
    "node_modules/@smithy/util-base64": {
      "version": "4.0.0",
      "resolved": "https://registry.npmjs.org/@smithy/util-base64/-/util-base64-4.0.0.tgz",
      "integrity": "sha512-CvHfCmO2mchox9kjrtzoHkWHxjHZzaFojLc8quxXY7WAAMAg43nuxwv95tATVgQFNDwd4M9S1qFzj40Ul41Kmg==",
      "license": "Apache-2.0",
      "dependencies": {
        "@smithy/util-buffer-from": "^4.0.0",
        "@smithy/util-utf8": "^4.0.0",
        "tslib": "^2.6.2"
      },
      "engines": {
        "node": ">=18.0.0"
      }
    },
    "node_modules/@smithy/util-body-length-browser": {
      "version": "4.0.0",
      "resolved": "https://registry.npmjs.org/@smithy/util-body-length-browser/-/util-body-length-browser-4.0.0.tgz",
      "integrity": "sha512-sNi3DL0/k64/LO3A256M+m3CDdG6V7WKWHdAiBBMUN8S3hK3aMPhwnPik2A/a2ONN+9doY9UxaLfgqsIRg69QA==",
      "license": "Apache-2.0",
      "dependencies": {
        "tslib": "^2.6.2"
      },
      "engines": {
        "node": ">=18.0.0"
      }
    },
    "node_modules/@smithy/util-buffer-from": {
      "version": "4.0.0",
      "resolved": "https://registry.npmjs.org/@smithy/util-buffer-from/-/util-buffer-from-4.0.0.tgz",
      "integrity": "sha512-9TOQ7781sZvddgO8nxueKi3+yGvkY35kotA0Y6BWRajAv8jjmigQ1sBwz0UX47pQMYXJPahSKEKYFgt+rXdcug==",
      "license": "Apache-2.0",
      "dependencies": {
        "@smithy/is-array-buffer": "^4.0.0",
        "tslib": "^2.6.2"
      },
      "engines": {
        "node": ">=18.0.0"
      }
    },
    "node_modules/@smithy/util-config-provider": {
      "version": "4.0.0",
      "resolved": "https://registry.npmjs.org/@smithy/util-config-provider/-/util-config-provider-4.0.0.tgz",
      "integrity": "sha512-L1RBVzLyfE8OXH+1hsJ8p+acNUSirQnWQ6/EgpchV88G6zGBTDPdXiiExei6Z1wR2RxYvxY/XLw6AMNCCt8H3w==",
      "license": "Apache-2.0",
      "dependencies": {
        "tslib": "^2.6.2"
      },
      "engines": {
        "node": ">=18.0.0"
      }
    },
    "node_modules/@smithy/util-hex-encoding": {
      "version": "4.0.0",
      "resolved": "https://registry.npmjs.org/@smithy/util-hex-encoding/-/util-hex-encoding-4.0.0.tgz",
      "integrity": "sha512-Yk5mLhHtfIgW2W2WQZWSg5kuMZCVbvhFmC7rV4IO2QqnZdbEFPmQnCcGMAX2z/8Qj3B9hYYNjZOhWym+RwhePw==",
      "license": "Apache-2.0",
      "dependencies": {
        "tslib": "^2.6.2"
      },
      "engines": {
        "node": ">=18.0.0"
      }
    },
    "node_modules/@smithy/util-middleware": {
      "version": "4.0.4",
      "resolved": "https://registry.npmjs.org/@smithy/util-middleware/-/util-middleware-4.0.4.tgz",
      "integrity": "sha512-9MLKmkBmf4PRb0ONJikCbCwORACcil6gUWojwARCClT7RmLzF04hUR4WdRprIXal7XVyrddadYNfp2eF3nrvtQ==",
      "license": "Apache-2.0",
      "dependencies": {
        "@smithy/types": "^4.3.1",
        "tslib": "^2.6.2"
      },
      "engines": {
        "node": ">=18.0.0"
      }
    },
    "node_modules/@smithy/util-stream": {
      "version": "4.2.3",
      "resolved": "https://registry.npmjs.org/@smithy/util-stream/-/util-stream-4.2.3.tgz",
      "integrity": "sha512-cQn412DWHHFNKrQfbHY8vSFI3nTROY1aIKji9N0tpp8gUABRilr7wdf8fqBbSlXresobM+tQFNk6I+0LXK/YZg==",
      "license": "Apache-2.0",
      "dependencies": {
        "@smithy/fetch-http-handler": "^5.1.0",
        "@smithy/node-http-handler": "^4.1.0",
        "@smithy/types": "^4.3.1",
        "@smithy/util-base64": "^4.0.0",
        "@smithy/util-buffer-from": "^4.0.0",
        "@smithy/util-hex-encoding": "^4.0.0",
        "@smithy/util-utf8": "^4.0.0",
        "tslib": "^2.6.2"
      },
      "engines": {
        "node": ">=18.0.0"
      }
    },
    "node_modules/@smithy/util-uri-escape": {
      "version": "4.0.0",
      "resolved": "https://registry.npmjs.org/@smithy/util-uri-escape/-/util-uri-escape-4.0.0.tgz",
      "integrity": "sha512-77yfbCbQMtgtTylO9itEAdpPXSog3ZxMe09AEhm0dU0NLTalV70ghDZFR+Nfi1C60jnJoh/Re4090/DuZh2Omg==",
      "license": "Apache-2.0",
      "dependencies": {
        "tslib": "^2.6.2"
      },
      "engines": {
        "node": ">=18.0.0"
      }
    },
    "node_modules/@smithy/util-utf8": {
      "version": "4.0.0",
      "resolved": "https://registry.npmjs.org/@smithy/util-utf8/-/util-utf8-4.0.0.tgz",
      "integrity": "sha512-b+zebfKCfRdgNJDknHCob3O7FpeYQN6ZG6YLExMcasDHsCXlsXCEuiPZeLnJLpwa5dvPetGlnGCiMHuLwGvFow==",
      "license": "Apache-2.0",
      "dependencies": {
        "@smithy/util-buffer-from": "^4.0.0",
        "tslib": "^2.6.2"
      },
      "engines": {
        "node": ">=18.0.0"
      }
    },
    "node_modules/fast-xml-parser": {
      "version": "5.2.5",
      "resolved": "https://registry.npmjs.org/fast-xml-parser/-/fast-xml-parser-5.2.5.tgz",
      "integrity": "sha512-pfX9uG9Ki0yekDHx2SiuRIyFdyAr1kMIMitPvb0YBo8SUfKvia7w7FIyd/l6av85pFYRhZscS75MwMnbvY+hcQ==",
      "funding": [
        {
          "type": "github",
          "url": "https://github.com/sponsors/NaturalIntelligence"
        }
      ],
      "license": "MIT",
      "dependencies": {
        "strnum": "^2.1.0"
      },
      "bin": {
        "fxparser": "src/cli/cli.js"
      }
    },
    "node_modules/strnum": {
      "version": "2.1.1",
      "resolved": "https://registry.npmjs.org/strnum/-/strnum-2.1.1.tgz",
      "integrity": "sha512-7ZvoFTiCnGxBtDqJ//Cu6fWtZtc7Y3x+QOirG15wztbdngGSkht27o2pyGWrVy0b4WAy3jbKmnoK6g5VlVNUUw==",
      "funding": [
        {
          "type": "github",
          "url": "https://github.com/sponsors/NaturalIntelligence"
        }
      ],
      "license": "MIT"
    },
    "node_modules/tslib": {
      "version": "2.8.1",
      "resolved": "https://registry.npmjs.org/tslib/-/tslib-2.8.1.tgz",
      "integrity": "sha512-oJFu94HQb+KVduSUQL7wnpmqnfmLsOA/nAh6b6EH0wCEoK0/mPeXU6c3wKDV83MkOuHPRHtSXKKU99IBazS/2w==",
      "license": "0BSD"
    }
  }
}
